{
  "name": "pencl-core",
  "version": "1.0.0",
  "lockfileVersion": 1,
  "requires": true,
  "dependencies": {
    "@types/node": {
      "version": "15.12.4",
      "resolved": "https://registry.npmjs.org/@types/node/-/node-15.12.4.tgz",
      "integrity": "sha512-zrNj1+yqYF4WskCMOHwN+w9iuD12+dGm0rQ35HLl9/Ouuq52cEtd0CH9qMgrdNmi5ejC1/V7vKEXYubB+65DkA=="
    },
    "pencl-kit": {
      "version": "git+https://github.com/TerraZero/pencl-kit.git#a5fc230dc5df8959b0e991a5e60fbb3499855bbb",
      "from": "git+https://github.com/TerraZero/pencl-kit.git"
    },
    "promise-events": {
      "version": "0.2.4",
      "resolved": "https://registry.npmjs.org/promise-events/-/promise-events-0.2.4.tgz",
      "integrity": "sha512-GCM6DmJcSCC8XboZIzYJAlADwkIS1P54XFUJQYhB7dpE7rtXPzPrT13dsV4Qm0FMCKptwMTyF8ZCir803RfKzA=="
    }
  }
}
